
Microsoft Visual Studio Solution File, Format Version 12.00
# Visual Studio Version 16
VisualStudioVersion = 16.0.28729.10
MinimumVisualStudioVersion = 10.0.40219.1
Project("{2150E333-8FDC-42A3-9474-1A3956D46DE8}") = "Tests", "Tests", "{FC9A1A04-A6E3-493E-AC93-A7D966A4092B}"
EndProject
Project("{9A19103F-16F7-4668-BE54-9A1E7A4F7556}") = "UnitTests", "Tests\UnitTests\UnitTests.csproj", "{0A47B9F8-5B36-434A-9F8E-D414E2CF9296}"
EndProject
Project("{9A19103F-16F7-4668-BE54-9A1E7A4F7556}") = "IntegrationTests", "Tests\IntegrationTests\IntegrationTests.csproj", "{772F8004-A783-4B01-821C-224DC980A018}"
EndProject
Project("{9A19103F-16F7-4668-BE54-9A1E7A4F7556}") = "EasyOffice", "EasyOffice\EasyOffice.csproj", "{B5B6D702-0C6F-4904-8C60-DDB684AB3BFD}"
EndProject
Global
	GlobalSection(SolutionConfigurationPlatforms) = preSolution
		Debug|Any CPU = Debug|Any CPU
		Release|Any CPU = Release|Any CPU
	EndGlobalSection
	GlobalSection(ProjectConfigurationPlatforms) = postSolution
		{0A47B9F8-5B36-434A-9F8E-D414E2CF9296}.Debug|Any CPU.ActiveCfg = Debug|Any CPU
		{0A47B9F8-5B36-434A-9F8E-D414E2CF9296}.Debug|Any CPU.Build.0 = Debug|Any CPU
		{0A47B9F8-5B36-434A-9F8E-D414E2CF9296}.Release|Any CPU.ActiveCfg = Release|Any CPU
		{0A47B9F8-5B36-434A-9F8E-D414E2CF9296}.Release|Any CPU.Build.0 = Release|Any CPU
		{772F8004-A783-4B01-821C-224DC980A018}.Debug|Any CPU.ActiveCfg = Debug|Any CPU
		{772F8004-A783-4B01-821C-224DC980A018}.Debug|Any CPU.Build.0 = Debug|Any CPU
		{772F8004-A783-4B01-821C-224DC980A018}.Release|Any CPU.ActiveCfg = Release|Any CPU
		{772F8004-A783-4B01-821C-224DC980A018}.Release|Any CPU.Build.0 = Release|Any CPU
		{B5B6D702-0C6F-4904-8C60-DDB684AB3BFD}.Debug|Any CPU.ActiveCfg = Debug|Any CPU
		{B5B6D702-0C6F-4904-8C60-DDB684AB3BFD}.Debug|Any CPU.Build.0 = Debug|Any CPU
		{B5B6D702-0C6F-4904-8C60-DDB684AB3BFD}.Release|Any CPU.ActiveCfg = Release|Any CPU
		{B5B6D702-0C6F-4904-8C60-DDB684AB3BFD}.Release|Any CPU.Build.0 = Release|Any CPU
	EndGlobalSection
	GlobalSection(SolutionProperties) = preSolution
		HideSolutionNode = FALSE
	EndGlobalSection
	GlobalSection(NestedProjects) = preSolution
		{0A47B9F8-5B36-434A-9F8E-D414E2CF9296} = {FC9A1A04-A6E3-493E-AC93-A7D966A4092B}
		{772F8004-A783-4B01-821C-224DC980A018} = {FC9A1A04-A6E3-493E-AC93-A7D966A4092B}
	EndGlobalSection
	GlobalSection(ExtensibilityGlobals) = postSolution
		SolutionGuid = {59E42672-01F3-4B9E-8C55-939B9A496D9B}
	EndGlobalSection
EndGlobal
